// !$*UTF8*$!
{
	archiveVersion = 1;
	classes = {
	};
	objectVersion = 46;
	objects = {

/* Begin PBXBuildFile section */
		FBF1441E1B7892F300868C5F /* AppDelegate.swift in Sources */ = {isa = PBXBuildFile; fileRef = FBF1441D1B7892F300868C5F /* AppDelegate.swift */; };
		FBF144201B7892F300868C5F /* ViewController.swift in Sources */ = {isa = PBXBuildFile; fileRef = FBF1441F1B7892F300868C5F /* ViewController.swift */; };
		FBF144231B7892F300868C5F /* Main.storyboard in Resources */ = {isa = PBXBuildFile; fileRef = FBF144211B7892F300868C5F /* Main.storyboard */; };
		FBF144251B7892F300868C5F /* Images.xcassets in Resources */ = {isa = PBXBuildFile; fileRef = FBF144241B7892F300868C5F /* Images.xcassets */; };
		FBF144281B7892F300868C5F /* LaunchScreen.xib in Resources */ = {isa = PBXBuildFile; fileRef = FBF144261B7892F300868C5F /* LaunchScreen.xib */; };
		FBF144341B7892F300868C5F /* CHWCubeAnimationTests.swift in Sources */ = {isa = PBXBuildFile; fileRef = FBF144331B7892F300868C5F /* CHWCubeAnimationTests.swift */; };
/* End PBXBuildFile section */

/* Begin PBXContainerItemProxy section */
		FBF1442E1B7892F300868C5F /* PBXContainerItemProxy */ = {
			isa = PBXContainerItemProxy;
			containerPortal = FBF144101B7892F300868C5F /* Project object */;
			proxyType = 1;
			remoteGlobalIDString = FBF144171B7892F300868C5F;
			remoteInfo = CHWCubeAnimation;
		};
/* End PBXContainerItemProxy section */

/* Begin PBXFileReference section */
		FBF144181B7892F300868C5F /* CHWCubeAnimation.app */ = {isa = PBXFileReference; explicitFileType = wrapper.application; includeInIndex = 0; path = CHWCubeAnimation.app; sourceTree = BUILT_PRODUCTS_DIR; };
		FBF1441C1B7892F300868C5F /* Info.plist */ = {isa = PBXFileReference; lastKnownFileType = text.plist.xml; path = Info.plist; sourceTree = "<group>"; };
		FBF1441D1B7892F300868C5F /* AppDelegate.swift */ = {isa = PBXFileReference; lastKnownFileType = sourcecode.swift; path = AppDelegate.swift; sourceTree = "<group>"; };
		FBF1441F1B7892F300868C5F /* ViewController.swift */ = {isa = PBXFileReference; lastKnownFileType = sourcecode.swift; path = ViewController.swift; sourceTree = "<group>"; };
		FBF144221B7892F300868C5F /* Base */ = {isa = PBXFileReference; lastKnownFileType = file.storyboard; name = Base; path = Base.lproj/Main.storyboard; sourceTree = "<group>"; };
		FBF144241B7892F300868C5F /* Images.xcassets */ = {isa = PBXFileReference; lastKnownFileType = folder.assetcatalog; path = Images.xcassets; sourceTree = "<group>"; };
		FBF144271B7892F300868C5F /* Base */ = {isa = PBXFileReference; lastKnownFileType = file.xib; name = Base; path = Base.lproj/LaunchScreen.xib; sourceTree = "<group>"; };
		FBF1442D1B7892F300868C5F /* CHWCubeAnimationTests.xctest */ = {isa = PBXFileReference; explicitFileType = wrapper.cfbundle; includeInIndex = 0; path = CHWCubeAnimationTests.xctest; sourceTree = BUILT_PRODUCTS_DIR; };
		FBF144321B7892F300868C5F /* Info.plist */ = {isa = PBXFileReference; lastKnownFileType = text.plist.xml; path = Info.plist; sourceTree = "<group>"; };
		FBF144331B7892F300868C5F /* CHWCubeAnimationTests.swift */ = {isa = PBXFileReference; lastKnownFileType = sourcecode.swift; path = CHWCubeAnimationTests.swift; sourceTree = "<group>"; };
/* End PBXFileReference section */

/* Begin PBXFrameworksBuildPhase section */
		FBF144151B7892F300868C5F /* Frameworks */ = {
			isa = PBXFrameworksBuildPhase;
			buildActionMask = 2147483647;
			files = (
			);
			runOnlyForDeploymentPostprocessing = 0;
		};
		FBF1442A1B7892F300868C5F /* Frameworks */ = {
			isa = PBXFrameworksBuildPhase;
			buildActionMask = 2147483647;
			files = (
			);
			runOnlyForDeploymentPostprocessing = 0;
		};
/* End PBXFrameworksBuildPhase section */

/* Begin PBXGroup section */
		FBF1440F1B7892F300868C5F = {
			isa = PBXGroup;
			children = (
				FBF1441A1B7892F300868C5F /* CHWCubeAnimation */,
				FBF144301B7892F300868C5F /* CHWCubeAnimationTests */,
				FBF144191B7892F300868C5F /* Products */,
			);
			sourceTree = "<group>";
		};
		FBF144191B7892F300868C5F /* Products */ = {
			isa = PBXGroup;
			children = (
				FBF144181B7892F300868C5F /* CHWCubeAnimation.app */,
				FBF1442D1B7892F300868C5F /* CHWCubeAnimationTests.xctest */,
			);
			name = Products;
			sourceTree = "<group>";
		};
		FBF1441A1B7892F300868C5F /* CHWCubeAnimation */ = {
			isa = PBXGroup;
			children = (
				FBF1441D1B7892F300868C5F /* AppDelegate.swift */,
				FBF1441F1B7892F300868C5F /* ViewController.swift */,
				FBF144211B7892F300868C5F /* Main.storyboard */,
				FBF144241B7892F300868C5F /* Images.xcassets */,
				FBF144261B7892F300868C5F /* LaunchScreen.xib */,
				FBF1441B1B7892F300868C5F /* Supporting Files */,
			);
			path = CHWCubeAnimation;
			sourceTree = "<group>";
		};
		FBF1441B1B7892F300868C5F /* Supporting Files */ = {
			isa = PBXGroup;
			children = (
				FBF1441C1B7892F300868C5F /* Info.plist */,
			);
			name = "Supporting Files";
			sourceTree = "<group>";
		};
		FBF144301B7892F300868C5F /* CHWCubeAnimationTests */ = {
			isa = PBXGroup;
			children = (
				FBF144331B7892F300868C5F /* CHWCubeAnimationTests.swift */,
				FBF144311B7892F300868C5F /* Supporting Files */,
			);
			path = CHWCubeAnimationTests;
			sourceTree = "<group>";
		};
		FBF144311B7892F300868C5F /* Supporting Files */ = {
			isa = PBXGroup;
			children = (
				FBF144321B7892F300868C5F /* Info.plist */,
			);
			name = "Supporting Files";
			sourceTree = "<group>";
		};
/* End PBXGroup section */

/* Begin PBXNativeTarget section */
		FBF144171B7892F300868C5F /* CHWCubeAnimation */ = {
			isa = PBXNativeTarget;
			buildConfigurationList = FBF144371B7892F300868C5F /* Build configuration list for PBXNativeTarget "CHWCubeAnimation" */;
			buildPhases = (
				FBF144141B7892F300868C5F /* Sources */,
				FBF144151B7892F300868C5F /* Frameworks */,
				FBF144161B7892F300868C5F /* Resources */,
			);
			buildRules = (
			);
			dependencies = (
			);
			name = CHWCubeAnimation;
			productName = CHWCubeAnimation;
			productReference = FBF144181B7892F300868C5F /* CHWCubeAnimation.app */;
			productType = "com.apple.product-type.application";
		};
		FBF1442C1B7892F300868C5F /* CHWCubeAnimationTests */ = {
			isa = PBXNativeTarget;
			buildConfigurationList = FBF1443A1B7892F300868C5F /* Build configuration list for PBXNativeTarget "CHWCubeAnimationTests" */;
			buildPhases = (
				FBF144291B7892F300868C5F /* Sources */,
				FBF1442A1B7892F300868C5F /* Frameworks */,
				FBF1442B1B7892F300868C5F /* Resources */,
			);
			buildRules = (
			);
			dependencies = (
				FBF1442F1B7892F300868C5F /* PBXTargetDependency */,
			);
			name = CHWCubeAnimationTests;
			productName = CHWCubeAnimationTests;
			productReference = FBF1442D1B7892F300868C5F /* CHWCubeAnimationTests.xctest */;
			productType = "com.apple.product-type.bundle.unit-test";
		};
/* End PBXNativeTarget section */

/* Begin PBXProject section */
		FBF144101B7892F300868C5F /* Project object */ = {
			isa = PBXProject;
			attributes = {
				LastUpgradeCheck = 0630;
				ORGANIZATIONNAME = "Henry·Cheng";
				TargetAttributes = {
					FBF144171B7892F300868C5F = {
						CreatedOnToolsVersion = 6.3.2;
					};
					FBF1442C1B7892F300868C5F = {
						CreatedOnToolsVersion = 6.3.2;
						TestTargetID = FBF144171B7892F300868C5F;
					};
				};
			};
			buildConfigurationList = FBF144131B7892F300868C5F /* Build configuration list for PBXProject "CHWCubeAnimation" */;
			compatibilityVersion = "Xcode 3.2";
			developmentRegion = English;
			hasScannedForEncodings = 0;
			knownRegions = (
				en,
				Base,
			);
			mainGroup = FBF1440F1B7892F300868C5F;
			productRefGroup = FBF144191B7892F300868C5F /* Products */;
			projectDirPath = "";
			projectRoot = "";
			targets = (
				FBF144171B7892F300868C5F /* CHWCubeAnimation */,
				FBF1442C1B7892F300868C5F /* CHWCubeAnimationTests */,
			);
		};
/* End PBXProject section */

/* Begin PBXResourcesBuildPhase section */
		FBF144161B7892F300868C5F /* Resources */ = {
			isa = PBXResourcesBuildPhase;
			buildActionMask = 2147483647;
			files = (
				FBF144231B7892F300868C5F /* Main.storyboard in Resources */,
				FBF144281B7892F300868C5F /* LaunchScreen.xib in Resources */,
				FBF144251B7892F300868C5F /* Images.xcassets in Resources */,
			);
			runOnlyForDeploymentPostprocessing = 0;
		};
		FBF1442B1B7892F300868C5F /* Resources */ = {
			isa = PBXResourcesBuildPhase;
			buildActionMask = 2147483647;
			files = (
			);
			runOnlyForDeploymentPostprocessing = 0;
		};
/* End PBXResourcesBuildPhase section */

/* Begin PBXSourcesBuildPhase section */
		FBF144141B7892F300868C5F /* Sources */ = {
			isa = PBXSourcesBuildPhase;
			buildActionMask = 2147483647;
			files = (
				FBF144201B7892F300868C5F /* ViewController.swift in Sources */,
				FBF1441E1B7892F300868C5F /* AppDelegate.swift in Sources */,
			);
			runOnlyForDeploymentPostprocessing = 0;
		};
		FBF144291B7892F300868C5F /* Sources */ = {
			isa = PBXSourcesBuildPhase;
			buildActionMask = 2147483647;
			files = (
				FBF144341B7892F300868C5F /* CHWCubeAnimationTests.swift in Sources */,
			);
			runOnlyForDeploymentPostprocessing = 0;
		};
/* End PBXSourcesBuildPhase section */

/* Begin PBXTargetDependency section */
		FBF1442F1B7892F300868C5F /* PBXTargetDependency */ = {
			isa = PBXTargetDependency;
			target = FBF144171B7892F300868C5F /* CHWCubeAnimation */;
			targetProxy = FBF1442E1B7892F300868C5F /* PBXContainerItemProxy */;
		};
/* End PBXTargetDependency section */

/* Begin PBXVariantGroup section */
		FBF144211B7892F300868C5F /* Main.storyboard */ = {
			isa = PBXVariantGroup;
			children = (
				FBF144221B7892F300868C5F /* Base */,
			);
			name = Main.storyboard;
			sourceTree = "<group>";
		};
		FBF144261B7892F300868C5F /* LaunchScreen.xib */ = {
			isa = PBXVariantGroup;
			children = (
				FBF144271B7892F300868C5F /* Base */,
			);
			name = LaunchScreen.xib;
			sourceTree = "<group>";
		};
/* End PBXVariantGroup section */

/* Begin XCBuildConfiguration section */
		FBF144351B7892F300868C5F /* Debug */ = {
			isa = XCBuildConfiguration;
			buildSettings = {
				ALWAYS_SEARCH_USER_PATHS = NO;
				CLANG_CXX_LANGUAGE_STANDARD = "gnu++0x";
				CLANG_CXX_LIBRARY = "libc++";
				CLANG_ENABLE_MODULES = YES;
				CLANG_ENABLE_OBJC_ARC = YES;
				CLANG_WARN_BOOL_CONVERSION = YES;
				CLANG_WARN_CONSTANT_CONVERSION = YES;
				CLANG_WARN_DIRECT_OBJC_ISA_USAGE = YES_ERROR;
				CLANG_WARN_EMPTY_BODY = YES;
				CLANG_WARN_ENUM_CONVERSION = YES;
				CLANG_WARN_INT_CONVERSION = YES;
				CLANG_WARN_OBJC_ROOT_CLASS = YES_ERROR;
				CLANG_WARN_UNREACHABLE_CODE = YES;
				CLANG_WARN__DUPLICATE_METHOD_MATCH = YES;
				"CODE_SIGN_IDENTITY[sdk=iphoneos*]" = "iPhone Developer";
				COPY_PHASE_STRIP = NO;
				DEBUG_INFORMATION_FORMAT = "dwarf-with-dsym";
				ENABLE_STRICT_OBJC_MSGSEND = YES;
				GCC_C_LANGUAGE_STANDARD = gnu99;
				GCC_DYNAMIC_NO_PIC = NO;
				GCC_NO_COMMON_BLOCKS = YES;
				GCC_OPTIMIZATION_LEVEL = 0;
				GCC_PREPROCESSOR_DEFINITIONS = (
					"DEBUG=1",
					"$(inherited)",
				);
				GCC_SYMBOLS_PRIVATE_EXTERN = NO;
				GCC_WARN_64_TO_32_BIT_CONVERSION = YES;
				GCC_WARN_ABOUT_RETURN_TYPE = YES_ERROR;
				GCC_WARN_UNDECLARED_SELECTOR = YES;
				GCC_WARN_UNINITIALIZED_AUTOS = YES_AGGRESSIVE;
				GCC_WARN_UNUSED_FUNCTION = YES;
				GCC_WARN_UNUSED_VARIABLE = YES;
				IPHONEOS_DEPLOYMENT_TARGET = 8.3;
				MTL_ENABLE_DEBUG_INFO = YES;
				ONLY_ACTIVE_ARCH = YES;
				SDKROOT = iphoneos;
				SWIFT_OPTIMIZATION_LEVEL = "-Onone";
				TARGETED_DEVICE_FAMILY = "1,2";
			};
			name = Debug;
		};
		FBF144361B7892F300868C5F /* Release */ = {
			isa = XCBuildConfiguration;
			buildSettings = {
				ALWAYS_SEARCH_USER_PATHS = NO;
				CLANG_CXX_LANGUAGE_STANDARD = "gnu++0x";
				CLANG_CXX_LIBRARY = "libc++";
				CLANG_ENABLE_MODULES = YES;
				CLANG_ENABLE_OBJC_ARC = YES;
				CLANG_WARN_BOOL_CONVERSION = YES;
				CLANG_WARN_CONSTANT_CONVERSION = YES;
				CLANG_WARN_DIRECT_OBJC_ISA_USAGE = YES_ERROR;
				CLANG_WARN_EMPTY_BODY = YES;
				CLANG_WARN_ENUM_CONVERSION = YES;
				CLANG_WARN_INT_CONVERSION = YES;
				CLANG_WARN_OBJC_ROOT_CLASS = YES_ERROR;
				CLANG_WARN_UNREACHABLE_CODE = YES;
				CLANG_WARN__DUPLICATE_METHOD_MATCH = YES;
				"CODE_SIGN_IDENTITY[sdk=iphoneos*]" = "iPhone Developer";
				COPY_PHASE_STRIP = NO;
				DEBUG_INFORMATION_FORMAT = "dwarf-with-dsym";
				ENABLE_NS_ASSERTIONS = NO;
				ENABLE_STRICT_OBJC_MSGSEND = YES;
				GCC_C_LANGUAGE_STANDARD = gnu99;
				GCC_NO_COMMON_BLOCKS = YES;
				GCC_WARN_64_TO_32_BIT_CONVERSION = YES;
				GCC_WARN_ABOUT_RETURN_TYPE = YES_ERROR;
				GCC_WARN_UNDECLARED_SELECTOR = YES;
				GCC_WARN_UNINITIALIZED_AUTOS = YES_AGGRESSIVE;
				GCC_WARN_UNUSED_FUNCTION = YES;
				GCC_WARN_UNUSED_VARIABLE = YES;
				IPHONEOS_DEPLOYMENT_TARGET = 8.3;
				MTL_ENABLE_DEBUG_INFO = NO;
				SDKROOT = iphoneos;
				TARGETED_DEVICE_FAMILY = "1,2";
				VALIDATE_PRODUCT = YES;
			};
			name = Release;
		};
		FBF144381B7892F300868C5F /* Debug */ = {
			isa = XCBuildConfiguration;
			buildSettings = {
				ASSETCATALOG_COMPILER_APPICON_NAME = AppIcon;
				INFOPLIST_FILE = CHWCubeAnimation/Info.plist;
				LD_RUNPATH_SEARCH_PATHS = "$(inherited) @executable_path/Frameworks";
				PRODUCT_NAME = "$(TARGET_NAME)";
			};
			name = Debug;
		};
		FBF144391B7892F300868C5F /* Release */ = {
			isa = XCBuildConfiguration;
			buildSettings = {
				ASSETCATALOG_COMPILER_APPICON_NAME = AppIcon;
				INFOPLIST_FILE = CHWCubeAnimation/Info.plist;
				LD_RUNPATH_SEARCH_PATHS = "$(inherited) @executable_path/Frameworks";
				PRODUCT_NAME = "$(TARGET_NAME)";
			};
			name = Release;
		};
		FBF1443B1B7892F300868C5F /* Debug */ = {
			isa = XCBuildConfiguration;
			buildSettings = {
				BUNDLE_LOADER = "$(TEST_HOST)";
				FRAMEWORK_SEARCH_PATHS = (
					"$(SDKROOT)/Developer/Library/Frameworks",
					"$(inherited)",
				);
				GCC_PREPROCESSOR_DEFINITIONS = (
					"DEBUG=1",
					"$(inherited)",
				);
				INFOPLIST_FILE = CHWCubeAnimationTests/Info.plist;
				LD_RUNPATH_SEARCH_PATHS = "$(inherited) @executable_path/Frameworks @loader_path/Frameworks";
				PRODUCT_NAME = "$(TARGET_NAME)";
				TEST_HOST = "$(BUILT_PRODUCTS_DIR)/CHWCubeAnimation.app/CHWCubeAnimation";
			};
			name = Debug;
		};
		FBF1443C1B7892F300868C5F /* Release */ = {
			isa = XCBuildConfiguration;
			buildSettings = {
				BUNDLE_LOADER = "$(TEST_HOST)";
				FRAMEWORK_SEARCH_PATHS = (
					"$(SDKROOT)/Developer/Library/Frameworks",
					"$(inherited)",
				);
				INFOPLIST_FILE = CHWCubeAnimationTests/Info.plist;
				LD_RUNPATH_SEARCH_PATHS = "$(inherited) @executable_path/Frameworks @loader_path/Frameworks";
				PRODUCT_NAME = "$(TARGET_NAME)";
				TEST_HOST = "$(BUILT_PRODUCTS_DIR)/CHWCubeAnimation.app/CHWCubeAnimation";
			};
			name = Release;
		};
/* End XCBuildConfiguration section */

/* Begin XCConfigurationList section */
		FBF144131B7892F300868C5F /* Build configuration list for PBXProject "CHWCubeAnimation" */ = {
			isa = XCConfigurationList;
			buildConfigurations = (
				FBF144351B7892F300868C5F /* Debug */,
				FBF144361B7892F300868C5F /* Release */,
			);
			defaultConfigurationIsVisible = 0;
			defaultConfigurationName = Release;
		};
		FBF144371B7892F300868C5F /* Build configuration list for PBXNativeTarget "CHWCubeAnimation" */ = {
			isa = XCConfigurationList;
			buildConfigurations = (
				FBF144381B7892F300868C5F /* Debug */,
				FBF144391B7892F300868C5F /* Release */,
			);
			defaultConfigurationIsVisible = 0;
		};
		FBF1443A1B7892F300868C5F /* Build configuration list for PBXNativeTarget "CHWCubeAnimationTests" */ = {
			isa = XCConfigurationList;
			buildConfigurations = (
				FBF1443B1B7892F300868C5F /* Debug */,
				FBF1443C1B7892F300868C5F /* Release */,
			);
			defaultConfigurationIsVisible = 0;
		};
/* End XCConfigurationList section */
	};
	rootObject = FBF144101B7892F300868C5F /* Project object */;
}
